Microsoft Visual Studio Solution File, Format Version 12.00
# Visual Studio Version 17
VisualStudioVersion = 17.5.2.0
MinimumVisualStudioVersion = 10.0.40219.1
Project("{2150E333-8FDC-42A3-9474-1A3956D46DE8}") = "microsoft", "microsoft", "{C3500E5F-A296-6C57-D65F-9820BC3035C7}"
EndProject
Project("{FAE04EC0-301F-11D3-BF4B-00C04F79EFBC}") = "TSqlParser", "microsoft\TSqlParser\TSqlParser.csproj", "{4BCB6F19-593F-167B-355C-98F8C338FA36}"
EndProject
Global
	GlobalSection(SolutionConfigurationPlatforms) = preSolution
		Debug|Any CPU = Debug|Any CPU
		Release|Any CPU = Release|Any CPU
	EndGlobalSection
	GlobalSection(ProjectConfigurationPlatforms) = postSolution
		{4BCB6F19-593F-167B-355C-98F8C338FA36}.Debug|Any CPU.ActiveCfg = Debug|Any CPU
		{4BCB6F19-593F-167B-355C-98F8C338FA36}.Debug|Any CPU.Build.0 = Debug|Any CPU
		{4BCB6F19-593F-167B-355C-98F8C338FA36}.Release|Any CPU.ActiveCfg = Release|Any CPU
		{4BCB6F19-593F-167B-355C-98F8C338FA36}.Release|Any CPU.Build.0 = Release|Any CPU
	EndGlobalSection
	GlobalSection(SolutionProperties) = preSolution
		HideSolutionNode = FALSE
	EndGlobalSection
	GlobalSection(NestedProjects) = preSolution
		{4BCB6F19-593F-167B-355C-98F8C338FA36} = {C3500E5F-A296-6C57-D65F-9820BC3035C7}
	EndGlobalSection
	GlobalSection(ExtensibilityGlobals) = postSolution
		SolutionGuid = {5AF023D2-D591-4C88-B54F-D882F5704F4E}
	EndGlobalSection
EndGlobal
